
Microsoft Visual Studio Solution File, Format Version 12.00
# Visual Studio Version 17
VisualStudioVersion = 17.10.35027.167
MinimumVisualStudioVersion = 10.0.40219.1
Project("{2150E333-8FDC-42A3-9474-1A3956D46DE8}") = "Services", "Services", "{B713C520-571E-495C-93C6-57A37C9A10BB}"
EndProject
Project("{2150E333-8FDC-42A3-9474-1A3956D46DE8}") = "Catalog", "Catalog", "{55CD1781-066F-4BD6-8931-565AE3E55C6D}"
EndProject
Project("{9A19103F-16F7-4668-BE54-9A1E7A4F7556}") = "Catalog.API", "Services\Catalog\Catalog.API\Catalog.API.csproj", "{62950960-E46B-4899-A863-39CC27DE2B62}"
EndProject
Project("{2150E333-8FDC-42A3-9474-1A3956D46DE8}") = "BuildingBlocks", "BuildingBlocks", "{BFE67D78-6F8B-45AA-A32D-7426C78E35AF}"
EndProject
Project("{9A19103F-16F7-4668-BE54-9A1E7A4F7556}") = "BuildingBlocks", "BuildingBlocks\BuildingBlocks.csproj", "{E521FACF-CC3F-4748-9174-3AA38E5465AC}"
EndProject
Project("{E53339B2-1760-4266-BCC7-CA923CBCF16C}") = "docker-compose", "docker-compose.dcproj", "{AAB6014C-ADA1-44D8-A8B5-B0F89DEC5F36}"
EndProject
Project("{2150E333-8FDC-42A3-9474-1A3956D46DE8}") = "Basket", "Basket", "{F4BB02A5-4599-4A5C-90EC-5ED6EFF90083}"
EndProject
Project("{9A19103F-16F7-4668-BE54-9A1E7A4F7556}") = "Basket.API", "Services\Basket\Basket.API\Basket.API.csproj", "{BBF5F886-7CF5-46C8-8D64-0ABA1CC6D1BB}"
EndProject
Project("{2150E333-8FDC-42A3-9474-1A3956D46DE8}") = "Discount", "Discount", "{CAD6C048-FF14-4DC1-91F1-A218579F0674}"
EndProject
Project("{9A19103F-16F7-4668-BE54-9A1E7A4F7556}") = "Discount.Grpc", "Services\Discount\Discount.Grpc\Discount.Grpc.csproj", "{F2D6F24C-4091-409E-B085-D09627B67189}"
EndProject
Project("{2150E333-8FDC-42A3-9474-1A3956D46DE8}") = "Ordering", "Ordering", "{1FD18A85-40E2-4A29-9A7A-A9D1C648FD5E}"
EndProject
Project("{9A19103F-16F7-4668-BE54-9A1E7A4F7556}") = "OrderingAPI", "Services\Ordering\OrderingAPI\OrderingAPI.csproj", "{330CB887-EF4F-4942-915A-B458AC877F1F}"
EndProject
Project("{9A19103F-16F7-4668-BE54-9A1E7A4F7556}") = "Ordering.Domain", "Services\Ordering\Ordering.Domain\Ordering.Domain.csproj", "{66D0E69C-06A5-4B1F-9BD4-2F0656B4CB3E}"
EndProject
Project("{9A19103F-16F7-4668-BE54-9A1E7A4F7556}") = "Ordering.Application", "Services\Ordering\Ordering.Application\Ordering.Application.csproj", "{1503F83C-E356-4949-97F2-FEB42F1E75FF}"
EndProject
Project("{9A19103F-16F7-4668-BE54-9A1E7A4F7556}") = "Ordering.Infraestructure", "Services\Ordering\Ordering.Infraestructure\Ordering.Infraestructure.csproj", "{18676EAC-BF59-48FE-97AA-C6806F8A88D0}"
EndProject
Project("{FAE04EC0-301F-11D3-BF4B-00C04F79EFBC}") = "BuildingBlocks.Messaging", "BuildingBlocks.Messaging\BuildingBlocks.Messaging.csproj", "{5F023B55-5C8E-4FB1-9BC0-D32F3FEBC9D4}"
EndProject
Global
	GlobalSection(SolutionConfigurationPlatforms) = preSolution
		Debug|Any CPU = Debug|Any CPU
		Release|Any CPU = Release|Any CPU
	EndGlobalSection
	GlobalSection(ProjectConfigurationPlatforms) = postSolution
		{62950960-E46B-4899-A863-39CC27DE2B62}.Debug|Any CPU.ActiveCfg = Debug|Any CPU
		{62950960-E46B-4899-A863-39CC27DE2B62}.Debug|Any CPU.Build.0 = Debug|Any CPU
		{62950960-E46B-4899-A863-39CC27DE2B62}.Release|Any CPU.ActiveCfg = Release|Any CPU
		{62950960-E46B-4899-A863-39CC27DE2B62}.Release|Any CPU.Build.0 = Release|Any CPU
		{E521FACF-CC3F-4748-9174-3AA38E5465AC}.Debug|Any CPU.ActiveCfg = Debug|Any CPU
		{E521FACF-CC3F-4748-9174-3AA38E5465AC}.Debug|Any CPU.Build.0 = Debug|Any CPU
		{E521FACF-CC3F-4748-9174-3AA38E5465AC}.Release|Any CPU.ActiveCfg = Release|Any CPU
		{E521FACF-CC3F-4748-9174-3AA38E5465AC}.Release|Any CPU.Build.0 = Release|Any CPU
		{AAB6014C-ADA1-44D8-A8B5-B0F89DEC5F36}.Debug|Any CPU.ActiveCfg = Debug|Any CPU
		{AAB6014C-ADA1-44D8-A8B5-B0F89DEC5F36}.Debug|Any CPU.Build.0 = Debug|Any CPU
		{AAB6014C-ADA1-44D8-A8B5-B0F89DEC5F36}.Release|Any CPU.ActiveCfg = Release|Any CPU
		{AAB6014C-ADA1-44D8-A8B5-B0F89DEC5F36}.Release|Any CPU.Build.0 = Release|Any CPU
		{BBF5F886-7CF5-46C8-8D64-0ABA1CC6D1BB}.Debug|Any CPU.ActiveCfg = Debug|Any CPU
		{BBF5F886-7CF5-46C8-8D64-0ABA1CC6D1BB}.Debug|Any CPU.Build.0 = Debug|Any CPU
		{BBF5F886-7CF5-46C8-8D64-0ABA1CC6D1BB}.Release|Any CPU.ActiveCfg = Release|Any CPU
		{BBF5F886-7CF5-46C8-8D64-0ABA1CC6D1BB}.Release|Any CPU.Build.0 = Release|Any CPU
		{F2D6F24C-4091-409E-B085-D09627B67189}.Debug|Any CPU.ActiveCfg = Debug|Any CPU
		{F2D6F24C-4091-409E-B085-D09627B67189}.Debug|Any CPU.Build.0 = Debug|Any CPU
		{F2D6F24C-4091-409E-B085-D09627B67189}.Release|Any CPU.ActiveCfg = Release|Any CPU
		{F2D6F24C-4091-409E-B085-D09627B67189}.Release|Any CPU.Build.0 = Release|Any CPU
		{330CB887-EF4F-4942-915A-B458AC877F1F}.Debug|Any CPU.ActiveCfg = Debug|Any CPU
		{330CB887-EF4F-4942-915A-B458AC877F1F}.Debug|Any CPU.Build.0 = Debug|Any CPU
		{330CB887-EF4F-4942-915A-B458AC877F1F}.Release|Any CPU.ActiveCfg = Release|Any CPU
		{330CB887-EF4F-4942-915A-B458AC877F1F}.Release|Any CPU.Build.0 = Release|Any CPU
		{66D0E69C-06A5-4B1F-9BD4-2F0656B4CB3E}.Debug|Any CPU.ActiveCfg = Debug|Any CPU
		{66D0E69C-06A5-4B1F-9BD4-2F0656B4CB3E}.Debug|Any CPU.Build.0 = Debug|Any CPU
		{66D0E69C-06A5-4B1F-9BD4-2F0656B4CB3E}.Release|Any CPU.ActiveCfg = Release|Any CPU
		{66D0E69C-06A5-4B1F-9BD4-2F0656B4CB3E}.Release|Any CPU.Build.0 = Release|Any CPU
		{1503F83C-E356-4949-97F2-FEB42F1E75FF}.Debug|Any CPU.ActiveCfg = Debug|Any CPU
		{1503F83C-E356-4949-97F2-FEB42F1E75FF}.Debug|Any CPU.Build.0 = Debug|Any CPU
		{1503F83C-E356-4949-97F2-FEB42F1E75FF}.Release|Any CPU.ActiveCfg = Release|Any CPU
		{1503F83C-E356-4949-97F2-FEB42F1E75FF}.Release|Any CPU.Build.0 = Release|Any CPU
		{18676EAC-BF59-48FE-97AA-C6806F8A88D0}.Debug|Any CPU.ActiveCfg = Debug|Any CPU
		{18676EAC-BF59-48FE-97AA-C6806F8A88D0}.Debug|Any CPU.Build.0 = Debug|Any CPU
		{18676EAC-BF59-48FE-97AA-C6806F8A88D0}.Release|Any CPU.ActiveCfg = Release|Any CPU
		{18676EAC-BF59-48FE-97AA-C6806F8A88D0}.Release|Any CPU.Build.0 = Release|Any CPU
		{5F023B55-5C8E-4FB1-9BC0-D32F3FEBC9D4}.Debug|Any CPU.ActiveCfg = Debug|Any CPU
		{5F023B55-5C8E-4FB1-9BC0-D32F3FEBC9D4}.Debug|Any CPU.Build.0 = Debug|Any CPU
		{5F023B55-5C8E-4FB1-9BC0-D32F3FEBC9D4}.Release|Any CPU.ActiveCfg = Release|Any CPU
		{5F023B55-5C8E-4FB1-9BC0-D32F3FEBC9D4}.Release|Any CPU.Build.0 = Release|Any CPU
	EndGlobalSection
	GlobalSection(SolutionProperties) = preSolution
		HideSolutionNode = FALSE
	EndGlobalSection
	GlobalSection(NestedProjects) = preSolution
		{55CD1781-066F-4BD6-8931-565AE3E55C6D} = {B713C520-571E-495C-93C6-57A37C9A10BB}
		{62950960-E46B-4899-A863-39CC27DE2B62} = {55CD1781-066F-4BD6-8931-565AE3E55C6D}
		{E521FACF-CC3F-4748-9174-3AA38E5465AC} = {BFE67D78-6F8B-45AA-A32D-7426C78E35AF}
		{F4BB02A5-4599-4A5C-90EC-5ED6EFF90083} = {B713C520-571E-495C-93C6-57A37C9A10BB}
		{BBF5F886-7CF5-46C8-8D64-0ABA1CC6D1BB} = {F4BB02A5-4599-4A5C-90EC-5ED6EFF90083}
		{CAD6C048-FF14-4DC1-91F1-A218579F0674} = {B713C520-571E-495C-93C6-57A37C9A10BB}
		{F2D6F24C-4091-409E-B085-D09627B67189} = {CAD6C048-FF14-4DC1-91F1-A218579F0674}
		{1FD18A85-40E2-4A29-9A7A-A9D1C648FD5E} = {B713C520-571E-495C-93C6-57A37C9A10BB}
		{330CB887-EF4F-4942-915A-B458AC877F1F} = {1FD18A85-40E2-4A29-9A7A-A9D1C648FD5E}
		{66D0E69C-06A5-4B1F-9BD4-2F0656B4CB3E} = {1FD18A85-40E2-4A29-9A7A-A9D1C648FD5E}
		{1503F83C-E356-4949-97F2-FEB42F1E75FF} = {1FD18A85-40E2-4A29-9A7A-A9D1C648FD5E}
		{18676EAC-BF59-48FE-97AA-C6806F8A88D0} = {1FD18A85-40E2-4A29-9A7A-A9D1C648FD5E}
		{5F023B55-5C8E-4FB1-9BC0-D32F3FEBC9D4} = {BFE67D78-6F8B-45AA-A32D-7426C78E35AF}
	EndGlobalSection
	GlobalSection(ExtensibilityGlobals) = postSolution
		SolutionGuid = {A25A1B02-E3D4-4B58-8B38-F294284B99FD}
	EndGlobalSection
EndGlobal
